
Microsoft Visual Studio Solution File, Format Version 12.00
# Visual Studio Version 17
VisualStudioVersion = 17.7.34202.233
MinimumVisualStudioVersion = 10.0.40219.1
Project("{FAE04EC0-301F-11D3-BF4B-00C04F79EFBC}") = "MiracleVillaAPI", "MiracleVillaAPI\MiracleVillaAPI.csproj", "{DCB4A249-7FB1-4B7F-A795-21126D3088DA}"
EndProject
Global
	GlobalSection(SolutionConfigurationPlatforms) = preSolution
		Debug|Any CPU = Debug|Any CPU
		Release|Any CPU = Release|Any CPU
	EndGlobalSection
	GlobalSection(ProjectConfigurationPlatforms) = postSolution
		{DCB4A249-7FB1-4B7F-A795-21126D3088DA}.Debug|Any CPU.ActiveCfg = Debug|Any CPU
		{DCB4A249-7FB1-4B7F-A795-21126D3088DA}.Debug|Any CPU.Build.0 = Debug|Any CPU
		{DCB4A249-7FB1-4B7F-A795-21126D3088DA}.Release|Any CPU.ActiveCfg = Release|Any CPU
		{DCB4A249-7FB1-4B7F-A795-21126D3088DA}.Release|Any CPU.Build.0 = Release|Any CPU
	EndGlobalSection
	GlobalSection(SolutionProperties) = preSolution
		HideSolutionNode = FALSE
	EndGlobalSection
	GlobalSection(ExtensibilityGlobals) = postSolution
		SolutionGuid = {6B770B7F-9BA7-4531-8457-1F29093395CC}
	EndGlobalSection
EndGlobal
